
Microsoft Visual Studio Solution File, Format Version 12.00
# Visual Studio Version 16
VisualStudioVersion = 16.0.29709.97
MinimumVisualStudioVersion = 10.0.40219.1
Project("{FAE04EC0-301F-11D3-BF4B-00C04F79EFBC}") = "GreenvilleRevenueGUI", "WindowsFormsApp2\GreenvilleRevenueGUI.csproj", "{7D6383DB-ED34-4E6F-BE74-BA1617C62735}"
EndProject
Global
	GlobalSection(SolutionConfigurationPlatforms) = preSolution
		Debug|Any CPU = Debug|Any CPU
		Release|Any CPU = Release|Any CPU
	EndGlobalSection
	GlobalSection(ProjectConfigurationPlatforms) = postSolution
		{7D6383DB-ED34-4E6F-BE74-BA1617C62735}.Debug|Any CPU.ActiveCfg = Debug|Any CPU
		{7D6383DB-ED34-4E6F-BE74-BA1617C62735}.Debug|Any CPU.Build.0 = Debug|Any CPU
		{7D6383DB-ED34-4E6F-BE74-BA1617C62735}.Release|Any CPU.ActiveCfg = Release|Any CPU
		{7D6383DB-ED34-4E6F-BE74-BA1617C62735}.Release|Any CPU.Build.0 = Release|Any CPU
	EndGlobalSection
	GlobalSection(SolutionProperties) = preSolution
		HideSolutionNode = FALSE
	EndGlobalSection
	GlobalSection(ExtensibilityGlobals) = postSolution
		SolutionGuid = {1823C060-73BD-4562-8BBA-ABBA35A512ED}
	EndGlobalSection
EndGlobal
